
Microsoft Visual Studio Solution File, Format Version 12.00
# Visual Studio Version 17
VisualStudioVersion = 17.4.33213.308
MinimumVisualStudioVersion = 10.0.40219.1
Project("{FAE04EC0-301F-11D3-BF4B-00C04F79EFBC}") = "Entities", "Entities\Entities.csproj", "{F3F8B3E0-2C66-42EC-8C7F-2EE02CB5B6AE}"
EndProject
Project("{FAE04EC0-301F-11D3-BF4B-00C04F79EFBC}") = "DataAccess", "DataAccess\DataAccess.csproj", "{FCEA5E38-F879-4529-8457-B1A6659ED0D7}"
EndProject
Project("{FAE04EC0-301F-11D3-BF4B-00C04F79EFBC}") = "Business", "Business\Business.csproj", "{33BD0BEE-94BC-4E67-B960-B8D1362395EB}"
EndProject
Project("{FAE04EC0-301F-11D3-BF4B-00C04F79EFBC}") = "Core", "Core\Core.csproj", "{338E723E-9174-4F6B-AA5F-DBDCCD21AD0D}"
EndProject
Project("{FAE04EC0-301F-11D3-BF4B-00C04F79EFBC}") = "WebAPI", "WebAPI\WebAPI.csproj", "{9C35C12F-0BA5-4AD5-BF52-B045A8F42EC5}"
EndProject
Global
	GlobalSection(SolutionConfigurationPlatforms) = preSolution
		Debug|Any CPU = Debug|Any CPU
		Release|Any CPU = Release|Any CPU
	EndGlobalSection
	GlobalSection(ProjectConfigurationPlatforms) = postSolution
		{F3F8B3E0-2C66-42EC-8C7F-2EE02CB5B6AE}.Debug|Any CPU.ActiveCfg = Debug|Any CPU
		{F3F8B3E0-2C66-42EC-8C7F-2EE02CB5B6AE}.Debug|Any CPU.Build.0 = Debug|Any CPU
		{F3F8B3E0-2C66-42EC-8C7F-2EE02CB5B6AE}.Release|Any CPU.ActiveCfg = Release|Any CPU
		{F3F8B3E0-2C66-42EC-8C7F-2EE02CB5B6AE}.Release|Any CPU.Build.0 = Release|Any CPU
		{FCEA5E38-F879-4529-8457-B1A6659ED0D7}.Debug|Any CPU.ActiveCfg = Debug|Any CPU
		{FCEA5E38-F879-4529-8457-B1A6659ED0D7}.Debug|Any CPU.Build.0 = Debug|Any CPU
		{FCEA5E38-F879-4529-8457-B1A6659ED0D7}.Release|Any CPU.ActiveCfg = Release|Any CPU
		{FCEA5E38-F879-4529-8457-B1A6659ED0D7}.Release|Any CPU.Build.0 = Release|Any CPU
		{33BD0BEE-94BC-4E67-B960-B8D1362395EB}.Debug|Any CPU.ActiveCfg = Debug|Any CPU
		{33BD0BEE-94BC-4E67-B960-B8D1362395EB}.Debug|Any CPU.Build.0 = Debug|Any CPU
		{33BD0BEE-94BC-4E67-B960-B8D1362395EB}.Release|Any CPU.ActiveCfg = Release|Any CPU
		{33BD0BEE-94BC-4E67-B960-B8D1362395EB}.Release|Any CPU.Build.0 = Release|Any CPU
		{338E723E-9174-4F6B-AA5F-DBDCCD21AD0D}.Debug|Any CPU.ActiveCfg = Debug|Any CPU
		{338E723E-9174-4F6B-AA5F-DBDCCD21AD0D}.Debug|Any CPU.Build.0 = Debug|Any CPU
		{338E723E-9174-4F6B-AA5F-DBDCCD21AD0D}.Release|Any CPU.ActiveCfg = Release|Any CPU
		{338E723E-9174-4F6B-AA5F-DBDCCD21AD0D}.Release|Any CPU.Build.0 = Release|Any CPU
		{9C35C12F-0BA5-4AD5-BF52-B045A8F42EC5}.Debug|Any CPU.ActiveCfg = Debug|Any CPU
		{9C35C12F-0BA5-4AD5-BF52-B045A8F42EC5}.Debug|Any CPU.Build.0 = Debug|Any CPU
		{9C35C12F-0BA5-4AD5-BF52-B045A8F42EC5}.Release|Any CPU.ActiveCfg = Release|Any CPU
		{9C35C12F-0BA5-4AD5-BF52-B045A8F42EC5}.Release|Any CPU.Build.0 = Release|Any CPU
	EndGlobalSection
	GlobalSection(SolutionProperties) = preSolution
		HideSolutionNode = FALSE
	EndGlobalSection
	GlobalSection(ExtensibilityGlobals) = postSolution
		SolutionGuid = {BC041F29-BA86-474D-8A49-62DFE230B202}
	EndGlobalSection
EndGlobal
